
Microsoft Visual Studio Solution File, Format Version 12.00
# Visual Studio 2012
Project("{FAE04EC0-301F-11D3-BF4B-00C04F79EFBC}") = "TcpEchoServer", "TcpEchoServer\TcpEchoServer.csproj", "{33A7EDC7-42EB-4974-8746-1D15CC1355E3}"
EndProject
Project("{FAE04EC0-301F-11D3-BF4B-00C04F79EFBC}") = "ChattingServer", "ChattingServer\ChattingServer.csproj", "{30B4320D-F1E0-40AE-9692-11EC1B2AE9EE}"
EndProject
Global
	GlobalSection(SolutionConfigurationPlatforms) = preSolution
		Debug|Any CPU = Debug|Any CPU
		Release|Any CPU = Release|Any CPU
	EndGlobalSection
	GlobalSection(ProjectConfigurationPlatforms) = postSolution
		{33A7EDC7-42EB-4974-8746-1D15CC1355E3}.Debug|Any CPU.ActiveCfg = Debug|Any CPU
		{33A7EDC7-42EB-4974-8746-1D15CC1355E3}.Debug|Any CPU.Build.0 = Debug|Any CPU
		{33A7EDC7-42EB-4974-8746-1D15CC1355E3}.Release|Any CPU.ActiveCfg = Release|Any CPU
		{33A7EDC7-42EB-4974-8746-1D15CC1355E3}.Release|Any CPU.Build.0 = Release|Any CPU
		{30B4320D-F1E0-40AE-9692-11EC1B2AE9EE}.Debug|Any CPU.ActiveCfg = Debug|Any CPU
		{30B4320D-F1E0-40AE-9692-11EC1B2AE9EE}.Debug|Any CPU.Build.0 = Debug|Any CPU
		{30B4320D-F1E0-40AE-9692-11EC1B2AE9EE}.Release|Any CPU.ActiveCfg = Release|Any CPU
		{30B4320D-F1E0-40AE-9692-11EC1B2AE9EE}.Release|Any CPU.Build.0 = Release|Any CPU
	EndGlobalSection
EndGlobal
